// !$*UTF8*$!
{
	archiveVersion = 1;
	classes = {
	};
	objectVersion = 55;
	objects = {

/* Begin PBXBuildFile section */
		4FD7425FCFED978BDCC5F07A /* Pods_healthplusplus.framework in Frameworks */ = {isa = PBXBuildFile; fileRef = 44B188215D3FA569236C99C2 /* Pods_healthplusplus.framework */; };
		6B1D44CC2806220900B60F6E /* AppDelegate.swift in Sources */ = {isa = PBXBuildFile; fileRef = 6B1D44CB2806220900B60F6E /* AppDelegate.swift */; };
		6B1D44CE2806220900B60F6E /* SceneDelegate.swift in Sources */ = {isa = PBXBuildFile; fileRef = 6B1D44CD2806220900B60F6E /* SceneDelegate.swift */; };
		6B1D44D02806220900B60F6E /* ViewController.swift in Sources */ = {isa = PBXBuildFile; fileRef = 6B1D44CF2806220900B60F6E /* ViewController.swift */; };
		6B1D44D32806220900B60F6E /* Main.storyboard in Resources */ = {isa = PBXBuildFile; fileRef = 6B1D44D12806220900B60F6E /* Main.storyboard */; };
		6B1D44D52806220B00B60F6E /* Assets.xcassets in Resources */ = {isa = PBXBuildFile; fileRef = 6B1D44D42806220B00B60F6E /* Assets.xcassets */; };
		6B1D44D82806220B00B60F6E /* LaunchScreen.storyboard in Resources */ = {isa = PBXBuildFile; fileRef = 6B1D44D62806220B00B60F6E /* LaunchScreen.storyboard */; };
		6B1D44E02806298600B60F6E /* FormatDisplay.swift in Sources */ = {isa = PBXBuildFile; fileRef = 6B1D44DF2806298600B60F6E /* FormatDisplay.swift */; };
		6B1D44E228062A0700B60F6E /* CoreDataStack.swift in Sources */ = {isa = PBXBuildFile; fileRef = 6B1D44E128062A0700B60F6E /* CoreDataStack.swift */; };
		6B1D44E42806311D00B60F6E /* RunDataViewController.swift in Sources */ = {isa = PBXBuildFile; fileRef = 6B1D44E32806311D00B60F6E /* RunDataViewController.swift */; };
		6B1D44E62806317400B60F6E /* RunViewController.swift in Sources */ = {isa = PBXBuildFile; fileRef = 6B1D44E52806317400B60F6E /* RunViewController.swift */; };
		6B1D44E8280631CD00B60F6E /* HomeViewController.swift in Sources */ = {isa = PBXBuildFile; fileRef = 6B1D44E7280631CD00B60F6E /* HomeViewController.swift */; };
		6B1D44EA280631FE00B60F6E /* ProfileViewController.swift in Sources */ = {isa = PBXBuildFile; fileRef = 6B1D44E9280631FE00B60F6E /* ProfileViewController.swift */; };
		6B1D44EC280632B700B60F6E /* EditProfileViewController.swift in Sources */ = {isa = PBXBuildFile; fileRef = 6B1D44EB280632B700B60F6E /* EditProfileViewController.swift */; };
		6B1D44EE280634D300B60F6E /* StepTrackerViewController.swift in Sources */ = {isa = PBXBuildFile; fileRef = 6B1D44ED280634D300B60F6E /* StepTrackerViewController.swift */; };
		6B1D44F02806363800B60F6E /* WorkoutViewController.swift in Sources */ = {isa = PBXBuildFile; fileRef = 6B1D44EF2806363800B60F6E /* WorkoutViewController.swift */; };
		6B1D44F22806368900B60F6E /* MyDayViewController.swift in Sources */ = {isa = PBXBuildFile; fileRef = 6B1D44F12806368900B60F6E /* MyDayViewController.swift */; };
		6B1D44F42806378000B60F6E /* ChallengeViewController.swift in Sources */ = {isa = PBXBuildFile; fileRef = 6B1D44F32806378000B60F6E /* ChallengeViewController.swift */; };
		6B1D44F6280637D600B60F6E /* GoalsViewController.swift in Sources */ = {isa = PBXBuildFile; fileRef = 6B1D44F5280637D600B60F6E /* GoalsViewController.swift */; };
		6B1D44F82806381600B60F6E /* FriendViewController.swift in Sources */ = {isa = PBXBuildFile; fileRef = 6B1D44F72806381600B60F6E /* FriendViewController.swift */; };
		6B1D44FA2806384F00B60F6E /* FriendProfileController.swift in Sources */ = {isa = PBXBuildFile; fileRef = 6B1D44F92806384F00B60F6E /* FriendProfileController.swift */; };
		6B1D44FC28063DB700B60F6E /* ProgressViewController.swift in Sources */ = {isa = PBXBuildFile; fileRef = 6B1D44FB28063DB700B60F6E /* ProgressViewController.swift */; };
		6B1D44FE28073AC100B60F6E /* LoginViewController.swift in Sources */ = {isa = PBXBuildFile; fileRef = 6B1D44FD28073AC000B60F6E /* LoginViewController.swift */; };
		6B1D450028073BCA00B60F6E /* LocationManager.swift in Sources */ = {isa = PBXBuildFile; fileRef = 6B1D44FF28073BCA00B60F6E /* LocationManager.swift */; };
		6B1D450228073C4A00B60F6E /* StoryboardSupport.swift in Sources */ = {isa = PBXBuildFile; fileRef = 6B1D450128073C4A00B60F6E /* StoryboardSupport.swift */; };
		6B1D450428073D1600B60F6E /* UnitConverterPace.swift in Sources */ = {isa = PBXBuildFile; fileRef = 6B1D450328073D1600B60F6E /* UnitConverterPace.swift */; };
		6B1D450728073D4D00B60F6E /* myRun.xcdatamodeld in Sources */ = {isa = PBXBuildFile; fileRef = 6B1D450528073D4D00B60F6E /* myRun.xcdatamodeld */; };
		6B1D450928073FE100B60F6E /* File.swift in Sources */ = {isa = PBXBuildFile; fileRef = 6B1D450828073FE100B60F6E /* File.swift */; };
		6B1D450B2807401300B60F6E /* GIFAPI.swift in Sources */ = {isa = PBXBuildFile; fileRef = 6B1D450A2807401300B60F6E /* GIFAPI.swift */; };
		6B1D450D2807407100B60F6E /* DisplayRunController.swift in Sources */ = {isa = PBXBuildFile; fileRef = 6B1D450C2807407100B60F6E /* DisplayRunController.swift */; };
		6B1D450F280740A200B60F6E /* DisplayMyDay.swift in Sources */ = {isa = PBXBuildFile; fileRef = 6B1D450E280740A200B60F6E /* DisplayMyDay.swift */; };
		6B2D7700280DF8D600D50266 /* libsqlite3 in Resources */ = {isa = PBXBuildFile; fileRef = 6B2D76FF280DF8D600D50266 /* libsqlite3 */; };
/* End PBXBuildFile section */

/* Begin PBXFileReference section */
		1DF1CF1B8300938354588D1E /* Pods-healthplusplus.debug.xcconfig */ = {isa = PBXFileReference; includeInIndex = 1; lastKnownFileType = text.xcconfig; name = "Pods-healthplusplus.debug.xcconfig"; path = "Target Support Files/Pods-healthplusplus/Pods-healthplusplus.debug.xcconfig"; sourceTree = "<group>"; };
		44B188215D3FA569236C99C2 /* Pods_healthplusplus.framework */ = {isa = PBXFileReference; explicitFileType = wrapper.framework; includeInIndex = 0; path = Pods_healthplusplus.framework; sourceTree = BUILT_PRODUCTS_DIR; };
		624BA1DB3AC14221AF124C4F /* Pods-healthplusplus.release.xcconfig */ = {isa = PBXFileReference; includeInIndex = 1; lastKnownFileType = text.xcconfig; name = "Pods-healthplusplus.release.xcconfig"; path = "Target Support Files/Pods-healthplusplus/Pods-healthplusplus.release.xcconfig"; sourceTree = "<group>"; };
		6B1D44C82806220900B60F6E /* healthplusplus.app */ = {isa = PBXFileReference; explicitFileType = wrapper.application; includeInIndex = 0; path = healthplusplus.app; sourceTree = BUILT_PRODUCTS_DIR; };
		6B1D44CB2806220900B60F6E /* AppDelegate.swift */ = {isa = PBXFileReference; lastKnownFileType = sourcecode.swift; path = AppDelegate.swift; sourceTree = "<group>"; };
		6B1D44CD2806220900B60F6E /* SceneDelegate.swift */ = {isa = PBXFileReference; lastKnownFileType = sourcecode.swift; path = SceneDelegate.swift; sourceTree = "<group>"; };
		6B1D44CF2806220900B60F6E /* ViewController.swift */ = {isa = PBXFileReference; lastKnownFileType = sourcecode.swift; path = ViewController.swift; sourceTree = "<group>"; };
		6B1D44D22806220900B60F6E /* Base */ = {isa = PBXFileReference; lastKnownFileType = file.storyboard; name = Base; path = Base.lproj/Main.storyboard; sourceTree = "<group>"; };
		6B1D44D42806220B00B60F6E /* Assets.xcassets */ = {isa = PBXFileReference; lastKnownFileType = folder.assetcatalog; path = Assets.xcassets; sourceTree = "<group>"; };
		6B1D44D72806220B00B60F6E /* Base */ = {isa = PBXFileReference; lastKnownFileType = file.storyboard; name = Base; path = Base.lproj/LaunchScreen.storyboard; sourceTree = "<group>"; };
		6B1D44D92806220B00B60F6E /* Info.plist */ = {isa = PBXFileReference; lastKnownFileType = text.plist.xml; path = Info.plist; sourceTree = "<group>"; };
		6B1D44DF2806298600B60F6E /* FormatDisplay.swift */ = {isa = PBXFileReference; lastKnownFileType = sourcecode.swift; path = FormatDisplay.swift; sourceTree = "<group>"; };
		6B1D44E128062A0700B60F6E /* CoreDataStack.swift */ = {isa = PBXFileReference; lastKnownFileType = sourcecode.swift; path = CoreDataStack.swift; sourceTree = "<group>"; };
		6B1D44E32806311D00B60F6E /* RunDataViewController.swift */ = {isa = PBXFileReference; lastKnownFileType = sourcecode.swift; path = RunDataViewController.swift; sourceTree = "<group>"; };
		6B1D44E52806317400B60F6E /* RunViewController.swift */ = {isa = PBXFileReference; lastKnownFileType = sourcecode.swift; path = RunViewController.swift; sourceTree = "<group>"; };
		6B1D44E7280631CD00B60F6E /* HomeViewController.swift */ = {isa = PBXFileReference; lastKnownFileType = sourcecode.swift; path = HomeViewController.swift; sourceTree = "<group>"; };
		6B1D44E9280631FE00B60F6E /* ProfileViewController.swift */ = {isa = PBXFileReference; lastKnownFileType = sourcecode.swift; path = ProfileViewController.swift; sourceTree = "<group>"; };
		6B1D44EB280632B700B60F6E /* EditProfileViewController.swift */ = {isa = PBXFileReference; lastKnownFileType = sourcecode.swift; path = EditProfileViewController.swift; sourceTree = "<group>"; };
		6B1D44ED280634D300B60F6E /* StepTrackerViewController.swift */ = {isa = PBXFileReference; lastKnownFileType = sourcecode.swift; path = StepTrackerViewController.swift; sourceTree = "<group>"; };
		6B1D44EF2806363800B60F6E /* WorkoutViewController.swift */ = {isa = PBXFileReference; lastKnownFileType = sourcecode.swift; path = WorkoutViewController.swift; sourceTree = "<group>"; };
		6B1D44F12806368900B60F6E /* MyDayViewController.swift */ = {isa = PBXFileReference; lastKnownFileType = sourcecode.swift; path = MyDayViewController.swift; sourceTree = "<group>"; };
		6B1D44F32806378000B60F6E /* ChallengeViewController.swift */ = {isa = PBXFileReference; lastKnownFileType = sourcecode.swift; path = ChallengeViewController.swift; sourceTree = "<group>"; };
		6B1D44F5280637D600B60F6E /* GoalsViewController.swift */ = {isa = PBXFileReference; lastKnownFileType = sourcecode.swift; path = GoalsViewController.swift; sourceTree = "<group>"; };
		6B1D44F72806381600B60F6E /* FriendViewController.swift */ = {isa = PBXFileReference; lastKnownFileType = sourcecode.swift; path = FriendViewController.swift; sourceTree = "<group>"; };
		6B1D44F92806384F00B60F6E /* FriendProfileController.swift */ = {isa = PBXFileReference; lastKnownFileType = sourcecode.swift; path = FriendProfileController.swift; sourceTree = "<group>"; };
		6B1D44FB28063DB700B60F6E /* ProgressViewController.swift */ = {isa = PBXFileReference; lastKnownFileType = sourcecode.swift; path = ProgressViewController.swift; sourceTree = "<group>"; };
		6B1D44FD28073AC000B60F6E /* LoginViewController.swift */ = {isa = PBXFileReference; lastKnownFileType = sourcecode.swift; path = LoginViewController.swift; sourceTree = "<group>"; };
		6B1D44FF28073BCA00B60F6E /* LocationManager.swift */ = {isa = PBXFileReference; lastKnownFileType = sourcecode.swift; path = LocationManager.swift; sourceTree = "<group>"; };
		6B1D450128073C4A00B60F6E /* StoryboardSupport.swift */ = {isa = PBXFileReference; lastKnownFileType = sourcecode.swift; path = StoryboardSupport.swift; sourceTree = "<group>"; };
		6B1D450328073D1600B60F6E /* UnitConverterPace.swift */ = {isa = PBXFileReference; lastKnownFileType = sourcecode.swift; path = UnitConverterPace.swift; sourceTree = "<group>"; };
		6B1D450628073D4D00B60F6E /* myRun.xcdatamodel */ = {isa = PBXFileReference; lastKnownFileType = wrapper.xcdatamodel; path = myRun.xcdatamodel; sourceTree = "<group>"; };
		6B1D450828073FE100B60F6E /* File.swift */ = {isa = PBXFileReference; lastKnownFileType = sourcecode.swift; path = File.swift; sourceTree = "<group>"; };
		6B1D450A2807401300B60F6E /* GIFAPI.swift */ = {isa = PBXFileReference; lastKnownFileType = sourcecode.swift; path = GIFAPI.swift; sourceTree = "<group>"; };
		6B1D450C2807407100B60F6E /* DisplayRunController.swift */ = {isa = PBXFileReference; lastKnownFileType = sourcecode.swift; path = DisplayRunController.swift; sourceTree = "<group>"; };
		6B1D450E280740A200B60F6E /* DisplayMyDay.swift */ = {isa = PBXFileReference; lastKnownFileType = sourcecode.swift; path = DisplayMyDay.swift; sourceTree = "<group>"; };
		6B2D76FF280DF8D600D50266 /* libsqlite3 */ = {isa = PBXFileReference; lastKnownFileType = text; path = libsqlite3; sourceTree = "<group>"; };
/* End PBXFileReference section */

/* Begin PBXFrameworksBuildPhase section */
		6B1D44C52806220900B60F6E /* Frameworks */ = {
			isa = PBXFrameworksBuildPhase;
			buildActionMask = 2147483647;
			files = (
				4FD7425FCFED978BDCC5F07A /* Pods_healthplusplus.framework in Frameworks */,
			);
			runOnlyForDeploymentPostprocessing = 0;
		};
/* End PBXFrameworksBuildPhase section */

/* Begin PBXGroup section */
		6B1D44BF2806220800B60F6E = {
			isa = PBXGroup;
			children = (
				6B1D44CA2806220900B60F6E /* healthplusplus */,
				6B2D76FB280DF77C00D50266 /* healthplusplusTests */,
				6B2D76FE280DF86100D50266 /* Frameworks */,
				6B1D44C92806220900B60F6E /* Products */,
				CBB908FBD9925994411B9DDE /* Pods */,
			);
			sourceTree = "<group>";
		};
		6B1D44C92806220900B60F6E /* Products */ = {
			isa = PBXGroup;
			children = (
				6B1D44C82806220900B60F6E /* healthplusplus.app */,
			);
			name = Products;
			sourceTree = "<group>";
		};
		6B1D44CA2806220900B60F6E /* healthplusplus */ = {
			isa = PBXGroup;
			children = (
				6B1D44CB2806220900B60F6E /* AppDelegate.swift */,
				6B1D44CD2806220900B60F6E /* SceneDelegate.swift */,
				6B1D44DF2806298600B60F6E /* FormatDisplay.swift */,
				6B1D44E128062A0700B60F6E /* CoreDataStack.swift */,
				6B1D44E32806311D00B60F6E /* RunDataViewController.swift */,
				6B1D44E52806317400B60F6E /* RunViewController.swift */,
				6B1D44E7280631CD00B60F6E /* HomeViewController.swift */,
				6B1D44E9280631FE00B60F6E /* ProfileViewController.swift */,
				6B1D44EB280632B700B60F6E /* EditProfileViewController.swift */,
				6B1D44ED280634D300B60F6E /* StepTrackerViewController.swift */,
				6B1D44EF2806363800B60F6E /* WorkoutViewController.swift */,
				6B1D44F12806368900B60F6E /* MyDayViewController.swift */,
				6B1D44F32806378000B60F6E /* ChallengeViewController.swift */,
				6B1D44F5280637D600B60F6E /* GoalsViewController.swift */,
				6B1D44F72806381600B60F6E /* FriendViewController.swift */,
				6B1D44F92806384F00B60F6E /* FriendProfileController.swift */,
				6B1D44FB28063DB700B60F6E /* ProgressViewController.swift */,
				6B1D44FD28073AC000B60F6E /* LoginViewController.swift */,
				6B1D44CF2806220900B60F6E /* ViewController.swift */,
				6B1D44D12806220900B60F6E /* Main.storyboard */,
				6B1D44D42806220B00B60F6E /* Assets.xcassets */,
				6B1D44D62806220B00B60F6E /* LaunchScreen.storyboard */,
				6B1D44D92806220B00B60F6E /* Info.plist */,
				6B1D44FF28073BCA00B60F6E /* LocationManager.swift */,
				6B1D450128073C4A00B60F6E /* StoryboardSupport.swift */,
				6B1D450328073D1600B60F6E /* UnitConverterPace.swift */,
				6B1D450528073D4D00B60F6E /* myRun.xcdatamodeld */,
				6B1D450828073FE100B60F6E /* File.swift */,
				6B1D450A2807401300B60F6E /* GIFAPI.swift */,
				6B1D450C2807407100B60F6E /* DisplayRunController.swift */,
				6B1D450E280740A200B60F6E /* DisplayMyDay.swift */,
			);
			path = healthplusplus;
			sourceTree = "<group>";
		};
		6B2D76FB280DF77C00D50266 /* healthplusplusTests */ = {
			isa = PBXGroup;
			children = (
			);
			path = healthplusplusTests;
			sourceTree = "<group>";
		};
		6B2D76FE280DF86100D50266 /* Frameworks */ = {
			isa = PBXGroup;
			children = (
				6B2D76FF280DF8D600D50266 /* libsqlite3 */,
				44B188215D3FA569236C99C2 /* Pods_healthplusplus.framework */,
			);
			path = Frameworks;
			sourceTree = "<group>";
		};
		CBB908FBD9925994411B9DDE /* Pods */ = {
			isa = PBXGroup;
			children = (
				1DF1CF1B8300938354588D1E /* Pods-healthplusplus.debug.xcconfig */,
				624BA1DB3AC14221AF124C4F /* Pods-healthplusplus.release.xcconfig */,
			);
			path = Pods;
			sourceTree = "<group>";
		};
/* End PBXGroup section */

/* Begin PBXNativeTarget section */
		6B1D44C72806220900B60F6E /* healthplusplus */ = {
			isa = PBXNativeTarget;
			buildConfigurationList = 6B1D44DC2806220B00B60F6E /* Build configuration list for PBXNativeTarget "healthplusplus" */;
			buildPhases = (
				2CD832BB225029B4EEC44373 /* [CP] Check Pods Manifest.lock */,
				6B1D44C42806220900B60F6E /* Sources */,
				6B1D44C52806220900B60F6E /* Frameworks */,
				6B1D44C62806220900B60F6E /* Resources */,
				329FEA8FCBFBC1AC7A4AD5F1 /* [CP] Embed Pods Frameworks */,
			);
			buildRules = (
			);
			dependencies = (
			);
			name = healthplusplus;
			productName = healthplusplus;
			productReference = 6B1D44C82806220900B60F6E /* healthplusplus.app */;
			productType = "com.apple.product-type.application";
		};
/* End PBXNativeTarget section */

/* Begin PBXProject section */
		6B1D44C02806220800B60F6E /* Project object */ = {
			isa = PBXProject;
			attributes = {
				BuildIndependentTargetsInParallel = 1;
				LastSwiftUpdateCheck = 1330;
				LastUpgradeCheck = 1330;
				TargetAttributes = {
					6B1D44C72806220900B60F6E = {
						CreatedOnToolsVersion = 13.3;
					};
				};
			};
			buildConfigurationList = 6B1D44C32806220800B60F6E /* Build configuration list for PBXProject "healthplusplus" */;
			compatibilityVersion = "Xcode 13.0";
			developmentRegion = en;
			hasScannedForEncodings = 0;
			knownRegions = (
				en,
				Base,
			);
			mainGroup = 6B1D44BF2806220800B60F6E;
			productRefGroup = 6B1D44C92806220900B60F6E /* Products */;
			projectDirPath = "";
			projectRoot = "";
			targets = (
				6B1D44C72806220900B60F6E /* healthplusplus */,
			);
		};
/* End PBXProject section */

/* Begin PBXResourcesBuildPhase section */
		6B1D44C62806220900B60F6E /* Resources */ = {
			isa = PBXResourcesBuildPhase;
			buildActionMask = 2147483647;
			files = (
				6B1D44D82806220B00B60F6E /* LaunchScreen.storyboard in Resources */,
				6B1D44D52806220B00B60F6E /* Assets.xcassets in Resources */,
				6B2D7700280DF8D600D50266 /* libsqlite3 in Resources */,
				6B1D44D32806220900B60F6E /* Main.storyboard in Resources */,
			);
			runOnlyForDeploymentPostprocessing = 0;
		};
/* End PBXResourcesBuildPhase section */

/* Begin PBXShellScriptBuildPhase section */
		2CD832BB225029B4EEC44373 /* [CP] Check Pods Manifest.lock */ = {
			isa = PBXShellScriptBuildPhase;
			buildActionMask = 2147483647;
			files = (
			);
			inputFileListPaths = (
			);
			inputPaths = (
				"${PODS_PODFILE_DIR_PATH}/Podfile.lock",
				"${PODS_ROOT}/Manifest.lock",
			);
			name = "[CP] Check Pods Manifest.lock";
			outputFileListPaths = (
			);
			outputPaths = (
				"$(DERIVED_FILE_DIR)/Pods-healthplusplus-checkManifestLockResult.txt",
			);
			runOnlyForDeploymentPostprocessing = 0;
			shellPath = /bin/sh;
			shellScript = "diff \"${PODS_PODFILE_DIR_PATH}/Podfile.lock\" \"${PODS_ROOT}/Manifest.lock\" > /dev/null\nif [ $? != 0 ] ; then\n    # print error to STDERR\n    echo \"error: The sandbox is not in sync with the Podfile.lock. Run 'pod install' or update your CocoaPods installation.\" >&2\n    exit 1\nfi\n# This output is used by Xcode 'outputs' to avoid re-running this script phase.\necho \"SUCCESS\" > \"${SCRIPT_OUTPUT_FILE_0}\"\n";
			showEnvVarsInLog = 0;
		};
		329FEA8FCBFBC1AC7A4AD5F1 /* [CP] Embed Pods Frameworks */ = {
			isa = PBXShellScriptBuildPhase;
			buildActionMask = 2147483647;
			files = (
			);
			inputFileListPaths = (
				"${PODS_ROOT}/Target Support Files/Pods-healthplusplus/Pods-healthplusplus-frameworks-${CONFIGURATION}-input-files.xcfilelist",
			);
			name = "[CP] Embed Pods Frameworks";
			outputFileListPaths = (
				"${PODS_ROOT}/Target Support Files/Pods-healthplusplus/Pods-healthplusplus-frameworks-${CONFIGURATION}-output-files.xcfilelist",
			);
			runOnlyForDeploymentPostprocessing = 0;
			shellPath = /bin/sh;
			shellScript = "\"${PODS_ROOT}/Target Support Files/Pods-healthplusplus/Pods-healthplusplus-frameworks.sh\"\n";
			showEnvVarsInLog = 0;
		};
/* End PBXShellScriptBuildPhase section */

/* Begin PBXSourcesBuildPhase section */
		6B1D44C42806220900B60F6E /* Sources */ = {
			isa = PBXSourcesBuildPhase;
			buildActionMask = 2147483647;
			files = (
				6B1D44F02806363800B60F6E /* WorkoutViewController.swift in Sources */,
				6B1D44E228062A0700B60F6E /* CoreDataStack.swift in Sources */,
				6B1D44D02806220900B60F6E /* ViewController.swift in Sources */,
				6B1D44EE280634D300B60F6E /* StepTrackerViewController.swift in Sources */,
				6B1D450F280740A200B60F6E /* DisplayMyDay.swift in Sources */,
				6B1D44FE28073AC100B60F6E /* LoginViewController.swift in Sources */,
				6B1D44FA2806384F00B60F6E /* FriendProfileController.swift in Sources */,
				6B1D44F42806378000B60F6E /* ChallengeViewController.swift in Sources */,
				6B1D44F22806368900B60F6E /* MyDayViewController.swift in Sources */,
				6B1D44E02806298600B60F6E /* FormatDisplay.swift in Sources */,
				6B1D44E8280631CD00B60F6E /* HomeViewController.swift in Sources */,
				6B1D44CC2806220900B60F6E /* AppDelegate.swift in Sources */,
				6B1D44E62806317400B60F6E /* RunViewController.swift in Sources */,
				6B1D450028073BCA00B60F6E /* LocationManager.swift in Sources */,
				6B1D450928073FE100B60F6E /* File.swift in Sources */,
				6B1D450D2807407100B60F6E /* DisplayRunController.swift in Sources */,
				6B1D44EA280631FE00B60F6E /* ProfileViewController.swift in Sources */,
				6B1D450728073D4D00B60F6E /* myRun.xcdatamodeld in Sources */,
				6B1D44E42806311D00B60F6E /* RunDataViewController.swift in Sources */,
				6B1D44F82806381600B60F6E /* FriendViewController.swift in Sources */,
				6B1D44EC280632B700B60F6E /* EditProfileViewController.swift in Sources */,
				6B1D44FC28063DB700B60F6E /* ProgressViewController.swift in Sources */,
				6B1D44CE2806220900B60F6E /* SceneDelegate.swift in Sources */,
				6B1D44F6280637D600B60F6E /* GoalsViewController.swift in Sources */,
				6B1D450B2807401300B60F6E /* GIFAPI.swift in Sources */,
				6B1D450228073C4A00B60F6E /* StoryboardSupport.swift in Sources */,
				6B1D450428073D1600B60F6E /* UnitConverterPace.swift in Sources */,
			);
			runOnlyForDeploymentPostprocessing = 0;
		};
/* End PBXSourcesBuildPhase section */

/* Begin PBXVariantGroup section */
		6B1D44D12806220900B60F6E /* Main.storyboard */ = {
			isa = PBXVariantGroup;
			children = (
				6B1D44D22806220900B60F6E /* Base */,
			);
			name = Main.storyboard;
			sourceTree = "<group>";
		};
		6B1D44D62806220B00B60F6E /* LaunchScreen.storyboard */ = {
			isa = PBXVariantGroup;
			children = (
				6B1D44D72806220B00B60F6E /* Base */,
			);
			name = LaunchScreen.storyboard;
			sourceTree = "<group>";
		};
/* End PBXVariantGroup section */

/* Begin XCBuildConfiguration section */
		6B1D44DA2806220B00B60F6E /* Debug */ = {
			isa = XCBuildConfiguration;
			buildSettings = {
				ALWAYS_SEARCH_USER_PATHS = NO;
				CLANG_ANALYZER_NONNULL = YES;
				CLANG_ANALYZER_NUMBER_OBJECT_CONVERSION = YES_AGGRESSIVE;
				CLANG_CXX_LANGUAGE_STANDARD = "gnu++17";
				CLANG_ENABLE_MODULES = YES;
				CLANG_ENABLE_OBJC_ARC = YES;
				CLANG_ENABLE_OBJC_WEAK = YES;
				CLANG_WARN_BLOCK_CAPTURE_AUTORELEASING = YES;
				CLANG_WARN_BOOL_CONVERSION = YES;
				CLANG_WARN_COMMA = YES;
				CLANG_WARN_CONSTANT_CONVERSION = YES;
				CLANG_WARN_DEPRECATED_OBJC_IMPLEMENTATIONS = YES;
				CLANG_WARN_DIRECT_OBJC_ISA_USAGE = YES_ERROR;
				CLANG_WARN_DOCUMENTATION_COMMENTS = YES;
				CLANG_WARN_EMPTY_BODY = YES;
				CLANG_WARN_ENUM_CONVERSION = YES;
				CLANG_WARN_INFINITE_RECURSION = YES;
				CLANG_WARN_INT_CONVERSION = YES;
				CLANG_WARN_NON_LITERAL_NULL_CONVERSION = YES;
				CLANG_WARN_OBJC_IMPLICIT_RETAIN_SELF = YES;
				CLANG_WARN_OBJC_LITERAL_CONVERSION = YES;
				CLANG_WARN_OBJC_ROOT_CLASS = YES_ERROR;
				CLANG_WARN_QUOTED_INCLUDE_IN_FRAMEWORK_HEADER = YES;
				CLANG_WARN_RANGE_LOOP_ANALYSIS = YES;
				CLANG_WARN_STRICT_PROTOTYPES = YES;
				CLANG_WARN_SUSPICIOUS_MOVE = YES;
				CLANG_WARN_UNGUARDED_AVAILABILITY = YES_AGGRESSIVE;
				CLANG_WARN_UNREACHABLE_CODE = YES;
				CLANG_WARN__DUPLICATE_METHOD_MATCH = YES;
				COPY_PHASE_STRIP = NO;
				DEBUG_INFORMATION_FORMAT = dwarf;
				ENABLE_STRICT_OBJC_MSGSEND = YES;
				ENABLE_TESTABILITY = YES;
				GCC_C_LANGUAGE_STANDARD = gnu11;
				GCC_DYNAMIC_NO_PIC = NO;
				GCC_NO_COMMON_BLOCKS = YES;
				GCC_OPTIMIZATION_LEVEL = 0;
				GCC_PREPROCESSOR_DEFINITIONS = (
					"DEBUG=1",
					"$(inherited)",
				);
				GCC_WARN_64_TO_32_BIT_CONVERSION = YES;
				GCC_WARN_ABOUT_RETURN_TYPE = YES_ERROR;
				GCC_WARN_UNDECLARED_SELECTOR = YES;
				GCC_WARN_UNINITIALIZED_AUTOS = YES_AGGRESSIVE;
				GCC_WARN_UNUSED_FUNCTION = YES;
				GCC_WARN_UNUSED_VARIABLE = YES;
				IPHONEOS_DEPLOYMENT_TARGET = 15.4;
				MTL_ENABLE_DEBUG_INFO = INCLUDE_SOURCE;
				MTL_FAST_MATH = YES;
				ONLY_ACTIVE_ARCH = YES;
				SDKROOT = iphoneos;
				SWIFT_ACTIVE_COMPILATION_CONDITIONS = DEBUG;
				SWIFT_OPTIMIZATION_LEVEL = "-Onone";
			};
			name = Debug;
		};
		6B1D44DB2806220B00B60F6E /* Release */ = {
			isa = XCBuildConfiguration;
			buildSettings = {
				ALWAYS_SEARCH_USER_PATHS = NO;
				CLANG_ANALYZER_NONNULL = YES;
				CLANG_ANALYZER_NUMBER_OBJECT_CONVERSION = YES_AGGRESSIVE;
				CLANG_CXX_LANGUAGE_STANDARD = "gnu++17";
				CLANG_ENABLE_MODULES = YES;
				CLANG_ENABLE_OBJC_ARC = YES;
				CLANG_ENABLE_OBJC_WEAK = YES;
				CLANG_WARN_BLOCK_CAPTURE_AUTORELEASING = YES;
				CLANG_WARN_BOOL_CONVERSION = YES;
				CLANG_WARN_COMMA = YES;
				CLANG_WARN_CONSTANT_CONVERSION = YES;
				CLANG_WARN_DEPRECATED_OBJC_IMPLEMENTATIONS = YES;
				CLANG_WARN_DIRECT_OBJC_ISA_USAGE = YES_ERROR;
				CLANG_WARN_DOCUMENTATION_COMMENTS = YES;
				CLANG_WARN_EMPTY_BODY = YES;
				CLANG_WARN_ENUM_CONVERSION = YES;
				CLANG_WARN_INFINITE_RECURSION = YES;
				CLANG_WARN_INT_CONVERSION = YES;
				CLANG_WARN_NON_LITERAL_NULL_CONVERSION = YES;
				CLANG_WARN_OBJC_IMPLICIT_RETAIN_SELF = YES;
				CLANG_WARN_OBJC_LITERAL_CONVERSION = YES;
				CLANG_WARN_OBJC_ROOT_CLASS = YES_ERROR;
				CLANG_WARN_QUOTED_INCLUDE_IN_FRAMEWORK_HEADER = YES;
				CLANG_WARN_RANGE_LOOP_ANALYSIS = YES;
				CLANG_WARN_STRICT_PROTOTYPES = YES;
				CLANG_WARN_SUSPICIOUS_MOVE = YES;
				CLANG_WARN_UNGUARDED_AVAILABILITY = YES_AGGRESSIVE;
				CLANG_WARN_UNREACHABLE_CODE = YES;
				CLANG_WARN__DUPLICATE_METHOD_MATCH = YES;
				COPY_PHASE_STRIP = NO;
				DEBUG_INFORMATION_FORMAT = "dwarf-with-dsym";
				ENABLE_NS_ASSERTIONS = NO;
				ENABLE_STRICT_OBJC_MSGSEND = YES;
				GCC_C_LANGUAGE_STANDARD = gnu11;
				GCC_NO_COMMON_BLOCKS = YES;
				GCC_WARN_64_TO_32_BIT_CONVERSION = YES;
				GCC_WARN_ABOUT_RETURN_TYPE = YES_ERROR;
				GCC_WARN_UNDECLARED_SELECTOR = YES;
				GCC_WARN_UNINITIALIZED_AUTOS = YES_AGGRESSIVE;
				GCC_WARN_UNUSED_FUNCTION = YES;
				GCC_WARN_UNUSED_VARIABLE = YES;
				IPHONEOS_DEPLOYMENT_TARGET = 15.4;
				MTL_ENABLE_DEBUG_INFO = NO;
				MTL_FAST_MATH = YES;
				SDKROOT = iphoneos;
				SWIFT_COMPILATION_MODE = wholemodule;
				SWIFT_OPTIMIZATION_LEVEL = "-O";
				VALIDATE_PRODUCT = YES;
			};
			name = Release;
		};
		6B1D44DD2806220B00B60F6E /* Debug */ = {
			isa = XCBuildConfiguration;
			baseConfigurationReference = 1DF1CF1B8300938354588D1E /* Pods-healthplusplus.debug.xcconfig */;
			buildSettings = {
				ASSETCATALOG_COMPILER_APPICON_NAME = AppIcon;
				ASSETCATALOG_COMPILER_GLOBAL_ACCENT_COLOR_NAME = AccentColor;
				CODE_SIGN_STYLE = Automatic;
				CURRENT_PROJECT_VERSION = 1;
				DEVELOPMENT_TEAM = 9SQZ7ZU2N6;
				GENERATE_INFOPLIST_FILE = YES;
				INFOPLIST_FILE = healthplusplus/Info.plist;
				INFOPLIST_KEY_UIApplicationSupportsIndirectInputEvents = YES;
				INFOPLIST_KEY_UILaunchStoryboardName = LaunchScreen;
				INFOPLIST_KEY_UIMainStoryboardFile = Main;
				INFOPLIST_KEY_UISupportedInterfaceOrientations_iPad = "UIInterfaceOrientationPortrait UIInterfaceOrientationPortraitUpsideDown UIInterfaceOrientationLandscapeLeft UIInterfaceOrientationLandscapeRight";
				INFOPLIST_KEY_UISupportedInterfaceOrientations_iPhone = "UIInterfaceOrientationPortrait UIInterfaceOrientationLandscapeLeft UIInterfaceOrientationLandscapeRight";
				LD_RUNPATH_SEARCH_PATHS = (
					"$(inherited)",
					"@executable_path/Frameworks",
				);
				MARKETING_VERSION = 1.0;
				PRODUCT_BUNDLE_IDENTIFIER = com.siliezaraxel.healthplusplus;
				PRODUCT_NAME = "$(TARGET_NAME)";
				SWIFT_EMIT_LOC_STRINGS = YES;
				SWIFT_VERSION = 5.0;
				TARGETED_DEVICE_FAMILY = "1,2";
			};
			name = Debug;
		};
		6B1D44DE2806220B00B60F6E /* Release */ = {
			isa = XCBuildConfiguration;
			baseConfigurationReference = 624BA1DB3AC14221AF124C4F /* Pods-healthplusplus.release.xcconfig */;
			buildSettings = {
				ASSETCATALOG_COMPILER_APPICON_NAME = AppIcon;
				ASSETCATALOG_COMPILER_GLOBAL_ACCENT_COLOR_NAME = AccentColor;
				CODE_SIGN_STYLE = Automatic;
				CURRENT_PROJECT_VERSION = 1;
				DEVELOPMENT_TEAM = 9SQZ7ZU2N6;
				GENERATE_INFOPLIST_FILE = YES;
				INFOPLIST_FILE = healthplusplus/Info.plist;
				INFOPLIST_KEY_UIApplicationSupportsIndirectInputEvents = YES;
				INFOPLIST_KEY_UILaunchStoryboardName = LaunchScreen;
				INFOPLIST_KEY_UIMainStoryboardFile = Main;
				INFOPLIST_KEY_UISupportedInterfaceOrientations_iPad = "UIInterfaceOrientationPortrait UIInterfaceOrientationPortraitUpsideDown UIInterfaceOrientationLandscapeLeft UIInterfaceOrientationLandscapeRight";
				INFOPLIST_KEY_UISupportedInterfaceOrientations_iPhone = "UIInterfaceOrientationPortrait UIInterfaceOrientationLandscapeLeft UIInterfaceOrientationLandscapeRight";
				LD_RUNPATH_SEARCH_PATHS = (
					"$(inherited)",
					"@executable_path/Frameworks",
				);
				MARKETING_VERSION = 1.0;
				PRODUCT_BUNDLE_IDENTIFIER = com.siliezaraxel.healthplusplus;
				PRODUCT_NAME = "$(TARGET_NAME)";
				SWIFT_EMIT_LOC_STRINGS = YES;
				SWIFT_VERSION = 5.0;
				TARGETED_DEVICE_FAMILY = "1,2";
			};
			name = Release;
		};
/* End XCBuildConfiguration section */

/* Begin XCConfigurationList section */
		6B1D44C32806220800B60F6E /* Build configuration list for PBXProject "healthplusplus" */ = {
			isa = XCConfigurationList;
			buildConfigurations = (
				6B1D44DA2806220B00B60F6E /* Debug */,
				6B1D44DB2806220B00B60F6E /* Release */,
			);
			defaultConfigurationIsVisible = 0;
			defaultConfigurationName = Release;
		};
		6B1D44DC2806220B00B60F6E /* Build configuration list for PBXNativeTarget "healthplusplus" */ = {
			isa = XCConfigurationList;
			buildConfigurations = (
				6B1D44DD2806220B00B60F6E /* Debug */,
				6B1D44DE2806220B00B60F6E /* Release */,
			);
			defaultConfigurationIsVisible = 0;
			defaultConfigurationName = Release;
		};
/* End XCConfigurationList section */

/* Begin XCVersionGroup section */
		6B1D450528073D4D00B60F6E /* myRun.xcdatamodeld */ = {
			isa = XCVersionGroup;
			children = (
				6B1D450628073D4D00B60F6E /* myRun.xcdatamodel */,
			);
			currentVersion = 6B1D450628073D4D00B60F6E /* myRun.xcdatamodel */;
			path = myRun.xcdatamodeld;
			sourceTree = "<group>";
			versionGroupType = wrapper.xcdatamodel;
		};
/* End XCVersionGroup section */
	};
	rootObject = 6B1D44C02806220800B60F6E /* Project object */;
}
